// !$*UTF8*$!
{
	archiveVersion = 1;
	classes = {
	};
	objectVersion = 56;
	objects = {

/* Begin PBXBuildFile section */
		AA000001 /* SocialAppApp.swift in Sources */ = {isa = PBXBuildFile; fileRef = AA000010 /* SocialAppApp.swift */; };
		AA000002 /* ContentView.swift in Sources */ = {isa = PBXBuildFile; fileRef = AA000011 /* ContentView.swift */; };
		AA000003 /* Assets.xcassets in Resources */ = {isa = PBXBuildFile; fileRef = AA000012 /* Assets.xcassets */; };
		AA000004 /* Preview Assets.xcassets in Resources */ = {isa = PBXBuildFile; fileRef = AA000013 /* Preview Assets.xcassets */; };
		BB000001 /* User.swift in Sources */ = {isa = PBXBuildFile; fileRef = BB000010 /* User.swift */; };
		BB000002 /* Post.swift in Sources */ = {isa = PBXBuildFile; fileRef = BB000011 /* Post.swift */; };
		BB000003 /* FeedViewModel.swift in Sources */ = {isa = PBXBuildFile; fileRef = BB000012 /* FeedViewModel.swift */; };
		BB000004 /* AvatarView.swift in Sources */ = {isa = PBXBuildFile; fileRef = BB000013 /* AvatarView.swift */; };
		BB000005 /* PostActionBar.swift in Sources */ = {isa = PBXBuildFile; fileRef = BB000014 /* PostActionBar.swift */; };
		BB000006 /* PostCell.swift in Sources */ = {isa = PBXBuildFile; fileRef = BB000015 /* PostCell.swift */; };
		BB000007 /* FeedView.swift in Sources */ = {isa = PBXBuildFile; fileRef = BB000016 /* FeedView.swift */; };
		CC000001 /* PostService.swift in Sources */ = {isa = PBXBuildFile; fileRef = CC000010 /* PostService.swift */; };
		CC000002 /* FirebaseConfiguration.swift in Sources */ = {isa = PBXBuildFile; fileRef = CC000011 /* FirebaseConfiguration.swift */; };
		CC000003 /* PostRepository.swift in Sources */ = {isa = PBXBuildFile; fileRef = CC000012 /* PostRepository.swift */; };
		EE000001 /* Message.swift in Sources */ = {isa = PBXBuildFile; fileRef = EE000010 /* Message.swift */; };
		EE000002 /* Conversation.swift in Sources */ = {isa = PBXBuildFile; fileRef = EE000011 /* Conversation.swift */; };
		EE000003 /* ChatService.swift in Sources */ = {isa = PBXBuildFile; fileRef = EE000012 /* ChatService.swift */; };
		EE000004 /* ChatRepository.swift in Sources */ = {isa = PBXBuildFile; fileRef = EE000013 /* ChatRepository.swift */; };
		EE000005 /* ChatListViewModel.swift in Sources */ = {isa = PBXBuildFile; fileRef = EE000014 /* ChatListViewModel.swift */; };
		EE000006 /* ChatDetailViewModel.swift in Sources */ = {isa = PBXBuildFile; fileRef = EE000015 /* ChatDetailViewModel.swift */; };
		EE000007 /* MessageBubble.swift in Sources */ = {isa = PBXBuildFile; fileRef = EE000016 /* MessageBubble.swift */; };
		EE000008 /* MessageInputBar.swift in Sources */ = {isa = PBXBuildFile; fileRef = EE000017 /* MessageInputBar.swift */; };
		EE000009 /* ChatListRow.swift in Sources */ = {isa = PBXBuildFile; fileRef = EE000018 /* ChatListRow.swift */; };
		EE00000A /* ChatDetailView.swift in Sources */ = {isa = PBXBuildFile; fileRef = EE000019 /* ChatDetailView.swift */; };
		EE00000B /* ChatListView.swift in Sources */ = {isa = PBXBuildFile; fileRef = EE000020 /* ChatListView.swift */; };
		FF000001 /* UserSearchService.swift in Sources */ = {isa = PBXBuildFile; fileRef = FF000010 /* UserSearchService.swift */; };
		FF000002 /* UserSearchRepository.swift in Sources */ = {isa = PBXBuildFile; fileRef = FF000011 /* UserSearchRepository.swift */; };
		FF000003 /* UserSearchViewModel.swift in Sources */ = {isa = PBXBuildFile; fileRef = FF000012 /* UserSearchViewModel.swift */; };
		FF000004 /* UserSearchRow.swift in Sources */ = {isa = PBXBuildFile; fileRef = FF000013 /* UserSearchRow.swift */; };
		FF000005 /* RecentSearchesSection.swift in Sources */ = {isa = PBXBuildFile; fileRef = FF000014 /* RecentSearchesSection.swift */; };
		FF000006 /* UserSearchView.swift in Sources */ = {isa = PBXBuildFile; fileRef = FF000015 /* UserSearchView.swift */; };
		FF000007 /* UserProfileView.swift in Sources */ = {isa = PBXBuildFile; fileRef = FF000016 /* UserProfileView.swift */; };
		GG000001 /* ExploreGridItem.swift in Sources */ = {isa = PBXBuildFile; fileRef = GG000010 /* ExploreGridItem.swift */; };
		GG000002 /* ExploreService.swift in Sources */ = {isa = PBXBuildFile; fileRef = GG000011 /* ExploreService.swift */; };
		GG000003 /* ExploreRepository.swift in Sources */ = {isa = PBXBuildFile; fileRef = GG000012 /* ExploreRepository.swift */; };
		GG000004 /* ExploreViewModel.swift in Sources */ = {isa = PBXBuildFile; fileRef = GG000013 /* ExploreViewModel.swift */; };
		GG000005 /* ExploreGridCell.swift in Sources */ = {isa = PBXBuildFile; fileRef = GG000014 /* ExploreGridCell.swift */; };
		GG000006 /* ExploreGridView.swift in Sources */ = {isa = PBXBuildFile; fileRef = GG000015 /* ExploreGridView.swift */; };
		GG000007 /* ExploreView.swift in Sources */ = {isa = PBXBuildFile; fileRef = GG000016 /* ExploreView.swift */; };
		GG000009 /* ExploreGridPattern.swift in Sources */ = {isa = PBXBuildFile; fileRef = GG000018 /* ExploreGridPattern.swift */; };
		GG000008 /* PostDetailView.swift in Sources */ = {isa = PBXBuildFile; fileRef = GG000017 /* PostDetailView.swift */; };
/* End PBXBuildFile section */

/* Begin PBXFileReference section */
		AA000010 /* SocialAppApp.swift */ = {isa = PBXFileReference; lastKnownFileType = sourcecode.swift; path = SocialAppApp.swift; sourceTree = "<group>"; };
		AA000011 /* ContentView.swift */ = {isa = PBXFileReference; lastKnownFileType = sourcecode.swift; path = ContentView.swift; sourceTree = "<group>"; };
		AA000012 /* Assets.xcassets */ = {isa = PBXFileReference; lastKnownFileType = folder.assetcatalog; path = Assets.xcassets; sourceTree = "<group>"; };
		AA000013 /* Preview Assets.xcassets */ = {isa = PBXFileReference; lastKnownFileType = folder.assetcatalog; path = "Preview Assets.xcassets"; sourceTree = "<group>"; };
		AA000020 /* SocialApp.app */ = {isa = PBXFileReference; explicitFileType = wrapper.application; includeInIndex = 0; path = SocialApp.app; sourceTree = BUILT_PRODUCTS_DIR; };
		BB000010 /* User.swift */ = {isa = PBXFileReference; lastKnownFileType = sourcecode.swift; path = User.swift; sourceTree = "<group>"; };
		BB000011 /* Post.swift */ = {isa = PBXFileReference; lastKnownFileType = sourcecode.swift; path = Post.swift; sourceTree = "<group>"; };
		BB000012 /* FeedViewModel.swift */ = {isa = PBXFileReference; lastKnownFileType = sourcecode.swift; path = FeedViewModel.swift; sourceTree = "<group>"; };
		BB000013 /* AvatarView.swift */ = {isa = PBXFileReference; lastKnownFileType = sourcecode.swift; path = AvatarView.swift; sourceTree = "<group>"; };
		BB000014 /* PostActionBar.swift */ = {isa = PBXFileReference; lastKnownFileType = sourcecode.swift; path = PostActionBar.swift; sourceTree = "<group>"; };
		BB000015 /* PostCell.swift */ = {isa = PBXFileReference; lastKnownFileType = sourcecode.swift; path = PostCell.swift; sourceTree = "<group>"; };
		BB000016 /* FeedView.swift */ = {isa = PBXFileReference; lastKnownFileType = sourcecode.swift; path = FeedView.swift; sourceTree = "<group>"; };
		CC000010 /* PostService.swift */ = {isa = PBXFileReference; lastKnownFileType = sourcecode.swift; path = PostService.swift; sourceTree = "<group>"; };
		CC000011 /* FirebaseConfiguration.swift */ = {isa = PBXFileReference; lastKnownFileType = sourcecode.swift; path = FirebaseConfiguration.swift; sourceTree = "<group>"; };
		CC000012 /* PostRepository.swift */ = {isa = PBXFileReference; lastKnownFileType = sourcecode.swift; path = PostRepository.swift; sourceTree = "<group>"; };
		EE000010 /* Message.swift */ = {isa = PBXFileReference; lastKnownFileType = sourcecode.swift; path = Message.swift; sourceTree = "<group>"; };
		EE000011 /* Conversation.swift */ = {isa = PBXFileReference; lastKnownFileType = sourcecode.swift; path = Conversation.swift; sourceTree = "<group>"; };
		EE000012 /* ChatService.swift */ = {isa = PBXFileReference; lastKnownFileType = sourcecode.swift; path = ChatService.swift; sourceTree = "<group>"; };
		EE000013 /* ChatRepository.swift */ = {isa = PBXFileReference; lastKnownFileType = sourcecode.swift; path = ChatRepository.swift; sourceTree = "<group>"; };
		EE000014 /* ChatListViewModel.swift */ = {isa = PBXFileReference; lastKnownFileType = sourcecode.swift; path = ChatListViewModel.swift; sourceTree = "<group>"; };
		EE000015 /* ChatDetailViewModel.swift */ = {isa = PBXFileReference; lastKnownFileType = sourcecode.swift; path = ChatDetailViewModel.swift; sourceTree = "<group>"; };
		EE000016 /* MessageBubble.swift */ = {isa = PBXFileReference; lastKnownFileType = sourcecode.swift; path = MessageBubble.swift; sourceTree = "<group>"; };
		EE000017 /* MessageInputBar.swift */ = {isa = PBXFileReference; lastKnownFileType = sourcecode.swift; path = MessageInputBar.swift; sourceTree = "<group>"; };
		EE000018 /* ChatListRow.swift */ = {isa = PBXFileReference; lastKnownFileType = sourcecode.swift; path = ChatListRow.swift; sourceTree = "<group>"; };
		EE000019 /* ChatDetailView.swift */ = {isa = PBXFileReference; lastKnownFileType = sourcecode.swift; path = ChatDetailView.swift; sourceTree = "<group>"; };
		EE000020 /* ChatListView.swift */ = {isa = PBXFileReference; lastKnownFileType = sourcecode.swift; path = ChatListView.swift; sourceTree = "<group>"; };
		FF000010 /* UserSearchService.swift */ = {isa = PBXFileReference; lastKnownFileType = sourcecode.swift; path = UserSearchService.swift; sourceTree = "<group>"; };
		FF000011 /* UserSearchRepository.swift */ = {isa = PBXFileReference; lastKnownFileType = sourcecode.swift; path = UserSearchRepository.swift; sourceTree = "<group>"; };
		FF000012 /* UserSearchViewModel.swift */ = {isa = PBXFileReference; lastKnownFileType = sourcecode.swift; path = UserSearchViewModel.swift; sourceTree = "<group>"; };
		FF000013 /* UserSearchRow.swift */ = {isa = PBXFileReference; lastKnownFileType = sourcecode.swift; path = UserSearchRow.swift; sourceTree = "<group>"; };
		FF000014 /* RecentSearchesSection.swift */ = {isa = PBXFileReference; lastKnownFileType = sourcecode.swift; path = RecentSearchesSection.swift; sourceTree = "<group>"; };
		FF000015 /* UserSearchView.swift */ = {isa = PBXFileReference; lastKnownFileType = sourcecode.swift; path = UserSearchView.swift; sourceTree = "<group>"; };
		FF000016 /* UserProfileView.swift */ = {isa = PBXFileReference; lastKnownFileType = sourcecode.swift; path = UserProfileView.swift; sourceTree = "<group>"; };
		GG000010 /* ExploreGridItem.swift */ = {isa = PBXFileReference; lastKnownFileType = sourcecode.swift; path = ExploreGridItem.swift; sourceTree = "<group>"; };
		GG000011 /* ExploreService.swift */ = {isa = PBXFileReference; lastKnownFileType = sourcecode.swift; path = ExploreService.swift; sourceTree = "<group>"; };
		GG000012 /* ExploreRepository.swift */ = {isa = PBXFileReference; lastKnownFileType = sourcecode.swift; path = ExploreRepository.swift; sourceTree = "<group>"; };
		GG000013 /* ExploreViewModel.swift */ = {isa = PBXFileReference; lastKnownFileType = sourcecode.swift; path = ExploreViewModel.swift; sourceTree = "<group>"; };
		GG000014 /* ExploreGridCell.swift */ = {isa = PBXFileReference; lastKnownFileType = sourcecode.swift; path = ExploreGridCell.swift; sourceTree = "<group>"; };
		GG000015 /* ExploreGridView.swift */ = {isa = PBXFileReference; lastKnownFileType = sourcecode.swift; path = ExploreGridView.swift; sourceTree = "<group>"; };
		GG000016 /* ExploreView.swift */ = {isa = PBXFileReference; lastKnownFileType = sourcecode.swift; path = ExploreView.swift; sourceTree = "<group>"; };
		GG000018 /* ExploreGridPattern.swift */ = {isa = PBXFileReference; lastKnownFileType = sourcecode.swift; path = ExploreGridPattern.swift; sourceTree = "<group>"; };
		GG000017 /* PostDetailView.swift */ = {isa = PBXFileReference; lastKnownFileType = sourcecode.swift; path = PostDetailView.swift; sourceTree = "<group>"; };
/* End PBXFileReference section */

/* Begin PBXFrameworksBuildPhase section */
		AA000030 /* Frameworks */ = {
			isa = PBXFrameworksBuildPhase;
			buildActionMask = 2147483647;
			files = (
			);
			runOnlyForDeploymentPostprocessing = 0;
		};
/* End PBXFrameworksBuildPhase section */

/* Begin PBXGroup section */
		AA000040 = {
			isa = PBXGroup;
			children = (
				AA000041 /* SocialApp */,
				AA000042 /* Products */,
			);
			sourceTree = "<group>";
		};
		AA000041 /* SocialApp */ = {
			isa = PBXGroup;
			children = (
				AA000010 /* SocialAppApp.swift */,
				AA000011 /* ContentView.swift */,
				BB000040 /* Models */,
				CC000040 /* Services */,
				CC000041 /* Repositories */,
				BB000041 /* ViewModels */,
				BB000042 /* Views */,
				AA000012 /* Assets.xcassets */,
				AA000043 /* Preview Content */,
			);
			path = SocialApp;
			sourceTree = "<group>";
		};
		AA000042 /* Products */ = {
			isa = PBXGroup;
			children = (
				AA000020 /* SocialApp.app */,
			);
			name = Products;
			sourceTree = "<group>";
		};
		AA000043 /* Preview Content */ = {
			isa = PBXGroup;
			children = (
				AA000013 /* Preview Assets.xcassets */,
			);
			path = "Preview Content";
			sourceTree = "<group>";
		};
		BB000040 /* Models */ = {
			isa = PBXGroup;
			children = (
				BB000010 /* User.swift */,
				BB000011 /* Post.swift */,
				EE000010 /* Message.swift */,
				EE000011 /* Conversation.swift */,
				GG000010 /* ExploreGridItem.swift */,
			);
			path = Models;
			sourceTree = "<group>";
		};
		BB000041 /* ViewModels */ = {
			isa = PBXGroup;
			children = (
				BB000012 /* FeedViewModel.swift */,
				EE000014 /* ChatListViewModel.swift */,
				EE000015 /* ChatDetailViewModel.swift */,
				FF000012 /* UserSearchViewModel.swift */,
				GG000013 /* ExploreViewModel.swift */,
			);
			path = ViewModels;
			sourceTree = "<group>";
		};
		BB000042 /* Views */ = {
			isa = PBXGroup;
			children = (
				BB000043 /* Components */,
				BB000044 /* Feed */,
				BB000045 /* Chat */,
				FF000040 /* Search */,
				FF000041 /* Profile */,
				GG000040 /* Explore */,
			);
			path = Views;
			sourceTree = "<group>";
		};
		BB000045 /* Chat */ = {
			isa = PBXGroup;
			children = (
				EE000016 /* MessageBubble.swift */,
				EE000017 /* MessageInputBar.swift */,
				EE000018 /* ChatListRow.swift */,
				EE000019 /* ChatDetailView.swift */,
				EE000020 /* ChatListView.swift */,
			);
			path = Chat;
			sourceTree = "<group>";
		};
		BB000043 /* Components */ = {
			isa = PBXGroup;
			children = (
				BB000013 /* AvatarView.swift */,
				BB000014 /* PostActionBar.swift */,
			);
			path = Components;
			sourceTree = "<group>";
		};
		BB000044 /* Feed */ = {
			isa = PBXGroup;
			children = (
				BB000015 /* PostCell.swift */,
				BB000016 /* FeedView.swift */,
			);
			path = Feed;
			sourceTree = "<group>";
		};
		FF000040 /* Search */ = {
			isa = PBXGroup;
			children = (
				FF000013 /* UserSearchRow.swift */,
				FF000014 /* RecentSearchesSection.swift */,
				FF000015 /* UserSearchView.swift */,
			);
			path = Search;
			sourceTree = "<group>";
		};
		FF000041 /* Profile */ = {
			isa = PBXGroup;
			children = (
				FF000016 /* UserProfileView.swift */,
				GG000017 /* PostDetailView.swift */,
			);
			path = Profile;
			sourceTree = "<group>";
		};
		CC000040 /* Services */ = {
			isa = PBXGroup;
			children = (
				CC000010 /* PostService.swift */,
				CC000011 /* FirebaseConfiguration.swift */,
				EE000012 /* ChatService.swift */,
				FF000010 /* UserSearchService.swift */,
				GG000011 /* ExploreService.swift */,
			);
			path = Services;
			sourceTree = "<group>";
		};
		CC000041 /* Repositories */ = {
			isa = PBXGroup;
			children = (
				CC000012 /* PostRepository.swift */,
				EE000013 /* ChatRepository.swift */,
				FF000011 /* UserSearchRepository.swift */,
				GG000012 /* ExploreRepository.swift */,
			);
			path = Repositories;
			sourceTree = "<group>";
		};
	GG000040 /* Explore */ = {
			isa = PBXGroup;
			children = (
				GG000014 /* ExploreGridCell.swift */,
				GG000015 /* ExploreGridView.swift */,
				GG000018 /* ExploreGridPattern.swift */,
				GG000016 /* ExploreView.swift */,
			);
			path = Explore;
			sourceTree = "<group>";
		};
/* End PBXGroup section */

/* Begin PBXNativeTarget section */
		AA000050 /* SocialApp */ = {
			isa = PBXNativeTarget;
			buildConfigurationList = AA000070 /* Build configuration list for PBXNativeTarget "SocialApp" */;
			buildPhases = (
				AA000051 /* Sources */,
				AA000030 /* Frameworks */,
				AA000052 /* Resources */,
			);
			buildRules = (
			);
			dependencies = (
			);
			name = SocialApp;
			packageProductDependencies = (
				DD000010 /* FirebaseCore */,
				DD000011 /* FirebaseFirestore */,
			);
			productName = SocialApp;
			productReference = AA000020 /* SocialApp.app */;
			productType = "com.apple.product-type.application";
		};
/* End PBXNativeTarget section */

/* Begin PBXProject section */
		AA000060 /* Project object */ = {
			isa = PBXProject;
			attributes = {
				BuildIndependentTargetsInParallel = 1;
				LastSwiftUpdateCheck = 1500;
				LastUpgradeCheck = 1500;
				TargetAttributes = {
					AA000050 = {
						CreatedOnToolsVersion = 15.0;
					};
				};
			};
			buildConfigurationList = AA000080 /* Build configuration list for PBXProject "SocialApp" */;
			compatibilityVersion = "Xcode 14.0";
			developmentRegion = en;
			hasScannedForEncodings = 0;
			knownRegions = (
				en,
				Base,
			);
			mainGroup = AA000040;
			productRefGroup = AA000042 /* Products */;
			projectDirPath = "";
			projectRoot = "";
			packageReferences = (
				DD000001 /* XCRemoteSwiftPackageReference "firebase-ios-sdk" */,
			);
			targets = (
				AA000050 /* SocialApp */,
			);
		};
/* End PBXProject section */

/* Begin PBXResourcesBuildPhase section */
		AA000052 /* Resources */ = {
			isa = PBXResourcesBuildPhase;
			buildActionMask = 2147483647;
			files = (
				AA000004 /* Preview Assets.xcassets in Resources */,
				AA000003 /* Assets.xcassets in Resources */,
			);
			runOnlyForDeploymentPostprocessing = 0;
		};
/* End PBXResourcesBuildPhase section */

/* Begin PBXSourcesBuildPhase section */
		AA000051 /* Sources */ = {
			isa = PBXSourcesBuildPhase;
			buildActionMask = 2147483647;
			files = (
				AA000002 /* ContentView.swift in Sources */,
				AA000001 /* SocialAppApp.swift in Sources */,
				BB000001 /* User.swift in Sources */,
				BB000002 /* Post.swift in Sources */,
				BB000003 /* FeedViewModel.swift in Sources */,
				BB000004 /* AvatarView.swift in Sources */,
				BB000005 /* PostActionBar.swift in Sources */,
				BB000006 /* PostCell.swift in Sources */,
				BB000007 /* FeedView.swift in Sources */,
				CC000001 /* PostService.swift in Sources */,
				CC000002 /* FirebaseConfiguration.swift in Sources */,
				CC000003 /* PostRepository.swift in Sources */,
				EE000001 /* Message.swift in Sources */,
				EE000002 /* Conversation.swift in Sources */,
				EE000003 /* ChatService.swift in Sources */,
				EE000004 /* ChatRepository.swift in Sources */,
				EE000005 /* ChatListViewModel.swift in Sources */,
				EE000006 /* ChatDetailViewModel.swift in Sources */,
				EE000007 /* MessageBubble.swift in Sources */,
				EE000008 /* MessageInputBar.swift in Sources */,
				EE000009 /* ChatListRow.swift in Sources */,
				EE00000A /* ChatDetailView.swift in Sources */,
				EE00000B /* ChatListView.swift in Sources */,
				FF000001 /* UserSearchService.swift in Sources */,
				FF000002 /* UserSearchRepository.swift in Sources */,
				FF000003 /* UserSearchViewModel.swift in Sources */,
				FF000004 /* UserSearchRow.swift in Sources */,
				FF000005 /* RecentSearchesSection.swift in Sources */,
				FF000006 /* UserSearchView.swift in Sources */,
				FF000007 /* UserProfileView.swift in Sources */,
				GG000001 /* ExploreGridItem.swift in Sources */,
				GG000002 /* ExploreService.swift in Sources */,
				GG000003 /* ExploreRepository.swift in Sources */,
				GG000004 /* ExploreViewModel.swift in Sources */,
				GG000005 /* ExploreGridCell.swift in Sources */,
				GG000006 /* ExploreGridView.swift in Sources */,
				GG000007 /* ExploreView.swift in Sources */,
				GG000009 /* ExploreGridPattern.swift in Sources */,
				GG000008 /* PostDetailView.swift in Sources */,
			);
			runOnlyForDeploymentPostprocessing = 0;
		};
/* End PBXSourcesBuildPhase section */

/* Begin XCBuildConfiguration section */
		AA000071 /* Debug */ = {
			isa = XCBuildConfiguration;
			buildSettings = {
				ASSETCATALOG_COMPILER_APPICON_NAME = AppIcon;
				ASSETCATALOG_COMPILER_GLOBAL_ACCENT_COLOR_NAME = AccentColor;
				CODE_SIGN_STYLE = Automatic;
				CURRENT_PROJECT_VERSION = 1;
				DEVELOPMENT_ASSET_PATHS = "\"SocialApp/Preview Content\"";
				ENABLE_PREVIEWS = YES;
				GENERATE_INFOPLIST_FILE = YES;
				INFOPLIST_KEY_UIApplicationSceneManifest_Generation = YES;
				INFOPLIST_KEY_UIApplicationSupportsIndirectInputEvents = YES;
				INFOPLIST_KEY_UILaunchScreen_Generation = YES;
				INFOPLIST_KEY_UISupportedInterfaceOrientations_iPad = "UIInterfaceOrientationPortrait UIInterfaceOrientationPortraitUpsideDown UIInterfaceOrientationLandscapeLeft UIInterfaceOrientationLandscapeRight";
				INFOPLIST_KEY_UISupportedInterfaceOrientations_iPhone = "UIInterfaceOrientationPortrait UIInterfaceOrientationLandscapeLeft UIInterfaceOrientationLandscapeRight";
				LD_RUNPATH_SEARCH_PATHS = (
					"$(inherited)",
					"@executable_path/Frameworks",
				);
				MARKETING_VERSION = 1.0;
				PRODUCT_BUNDLE_IDENTIFIER = com.socialapp.SocialApp;
				PRODUCT_NAME = "$(TARGET_NAME)";
				SWIFT_EMIT_LOC_STRINGS = YES;
				SWIFT_VERSION = 5.0;
				TARGETED_DEVICE_FAMILY = "1,2";
			};
			name = Debug;
		};
		AA000072 /* Release */ = {
			isa = XCBuildConfiguration;
			buildSettings = {
				ASSETCATALOG_COMPILER_APPICON_NAME = AppIcon;
				ASSETCATALOG_COMPILER_GLOBAL_ACCENT_COLOR_NAME = AccentColor;
				CODE_SIGN_STYLE = Automatic;
				CURRENT_PROJECT_VERSION = 1;
				DEVELOPMENT_ASSET_PATHS = "\"SocialApp/Preview Content\"";
				ENABLE_PREVIEWS = YES;
				GENERATE_INFOPLIST_FILE = YES;
				INFOPLIST_KEY_UIApplicationSceneManifest_Generation = YES;
				INFOPLIST_KEY_UIApplicationSupportsIndirectInputEvents = YES;
				INFOPLIST_KEY_UILaunchScreen_Generation = YES;
				INFOPLIST_KEY_UISupportedInterfaceOrientations_iPad = "UIInterfaceOrientationPortrait UIInterfaceOrientationPortraitUpsideDown UIInterfaceOrientationLandscapeLeft UIInterfaceOrientationLandscapeRight";
				INFOPLIST_KEY_UISupportedInterfaceOrientations_iPhone = "UIInterfaceOrientationPortrait UIInterfaceOrientationLandscapeLeft UIInterfaceOrientationLandscapeRight";
				LD_RUNPATH_SEARCH_PATHS = (
					"$(inherited)",
					"@executable_path/Frameworks",
				);
				MARKETING_VERSION = 1.0;
				PRODUCT_BUNDLE_IDENTIFIER = com.socialapp.SocialApp;
				PRODUCT_NAME = "$(TARGET_NAME)";
				SWIFT_EMIT_LOC_STRINGS = YES;
				SWIFT_VERSION = 5.0;
				TARGETED_DEVICE_FAMILY = "1,2";
			};
			name = Release;
		};
		AA000081 /* Debug */ = {
			isa = XCBuildConfiguration;
			buildSettings = {
				ALWAYS_SEARCH_USER_PATHS = NO;
				ASSETCATALOG_COMPILER_GENERATE_SWIFT_ASSET_SYMBOL_EXTENSIONS = YES;
				CLANG_ANALYZER_NONNULL = YES;
				CLANG_ANALYZER_NUMBER_OBJECT_CONVERSION = YES_AGGRESSIVE;
				CLANG_CXX_LANGUAGE_STANDARD = "gnu++20";
				CLANG_ENABLE_MODULES = YES;
				CLANG_ENABLE_OBJC_ARC = YES;
				CLANG_ENABLE_OBJC_WEAK = YES;
				CLANG_WARN_BLOCK_CAPTURE_AUTORELEASING = YES;
				CLANG_WARN_BOOL_CONVERSION = YES;
				CLANG_WARN_COMMA = YES;
				CLANG_WARN_CONSTANT_CONVERSION = YES;
				CLANG_WARN_DEPRECATED_OBJC_IMPLEMENTATIONS = YES;
				CLANG_WARN_DIRECT_OBJC_ISA_USAGE = YES_ERROR;
				CLANG_WARN_DOCUMENTATION_COMMENTS = YES;
				CLANG_WARN_EMPTY_BODY = YES;
				CLANG_WARN_ENUM_CONVERSION = YES;
				CLANG_WARN_INFINITE_RECURSION = YES;
				CLANG_WARN_INT_CONVERSION = YES;
				CLANG_WARN_NON_LITERAL_NULL_CONVERSION = YES;
				CLANG_WARN_OBJC_IMPLICIT_RETAIN_SELF = YES;
				CLANG_WARN_OBJC_LITERAL_CONVERSION = YES;
				CLANG_WARN_OBJC_ROOT_CLASS = YES_ERROR;
				CLANG_WARN_QUOTED_INCLUDE_IN_FRAMEWORK_HEADER = YES;
				CLANG_WARN_RANGE_LOOP_ANALYSIS = YES;
				CLANG_WARN_STRICT_PROTOTYPES = YES;
				CLANG_WARN_SUSPICIOUS_MOVE = YES;
				CLANG_WARN_UNGUARDED_AVAILABILITY = YES_AGGRESSIVE;
				CLANG_WARN_UNREACHABLE_CODE = YES;
				CLANG_WARN__DUPLICATE_METHOD_MATCH = YES;
				COPY_PHASE_STRIP = NO;
				DEBUG_INFORMATION_FORMAT = dwarf;
				ENABLE_STRICT_OBJC_MSGSEND = YES;
				ENABLE_TESTABILITY = YES;
				ENABLE_USER_SCRIPT_SANDBOXING = YES;
				GCC_C_LANGUAGE_STANDARD = gnu17;
				GCC_DYNAMIC_NO_PIC = NO;
				GCC_NO_COMMON_BLOCKS = YES;
				GCC_OPTIMIZATION_LEVEL = 0;
				GCC_PREPROCESSOR_DEFINITIONS = (
					"DEBUG=1",
					"$(inherited)",
				);
				GCC_WARN_64_TO_32_BIT_CONVERSION = YES;
				GCC_WARN_ABOUT_RETURN_TYPE = YES_ERROR;
				GCC_WARN_UNDECLARED_SELECTOR = YES;
				GCC_WARN_UNINITIALIZED_AUTOS = YES_AGGRESSIVE;
				GCC_WARN_UNUSED_FUNCTION = YES;
				GCC_WARN_UNUSED_VARIABLE = YES;
				IPHONEOS_DEPLOYMENT_TARGET = 17.0;
				LOCALIZATION_PREFERS_STRING_CATALOGS = YES;
				MTL_ENABLE_DEBUG_INFO = INCLUDE_SOURCE;
				MTL_FAST_MATH = YES;
				ONLY_ACTIVE_ARCH = YES;
				SDKROOT = iphoneos;
				SWIFT_ACTIVE_COMPILATION_CONDITIONS = "DEBUG $(inherited)";
				SWIFT_OPTIMIZATION_LEVEL = "-Onone";
			};
			name = Debug;
		};
		AA000082 /* Release */ = {
			isa = XCBuildConfiguration;
			buildSettings = {
				ALWAYS_SEARCH_USER_PATHS = NO;
				ASSETCATALOG_COMPILER_GENERATE_SWIFT_ASSET_SYMBOL_EXTENSIONS = YES;
				CLANG_ANALYZER_NONNULL = YES;
				CLANG_ANALYZER_NUMBER_OBJECT_CONVERSION = YES_AGGRESSIVE;
				CLANG_CXX_LANGUAGE_STANDARD = "gnu++20";
				CLANG_ENABLE_MODULES = YES;
				CLANG_ENABLE_OBJC_ARC = YES;
				CLANG_ENABLE_OBJC_WEAK = YES;
				CLANG_WARN_BLOCK_CAPTURE_AUTORELEASING = YES;
				CLANG_WARN_BOOL_CONVERSION = YES;
				CLANG_WARN_COMMA = YES;
				CLANG_WARN_CONSTANT_CONVERSION = YES;
				CLANG_WARN_DEPRECATED_OBJC_IMPLEMENTATIONS = YES;
				CLANG_WARN_DIRECT_OBJC_ISA_USAGE = YES_ERROR;
				CLANG_WARN_DOCUMENTATION_COMMENTS = YES;
				CLANG_WARN_EMPTY_BODY = YES;
				CLANG_WARN_ENUM_CONVERSION = YES;
				CLANG_WARN_INFINITE_RECURSION = YES;
				CLANG_WARN_INT_CONVERSION = YES;
				CLANG_WARN_NON_LITERAL_NULL_CONVERSION = YES;
				CLANG_WARN_OBJC_IMPLICIT_RETAIN_SELF = YES;
				CLANG_WARN_OBJC_LITERAL_CONVERSION = YES;
				CLANG_WARN_OBJC_ROOT_CLASS = YES_ERROR;
				CLANG_WARN_QUOTED_INCLUDE_IN_FRAMEWORK_HEADER = YES;
				CLANG_WARN_RANGE_LOOP_ANALYSIS = YES;
				CLANG_WARN_STRICT_PROTOTYPES = YES;
				CLANG_WARN_SUSPICIOUS_MOVE = YES;
				CLANG_WARN_UNGUARDED_AVAILABILITY = YES_AGGRESSIVE;
				CLANG_WARN_UNREACHABLE_CODE = YES;
				CLANG_WARN__DUPLICATE_METHOD_MATCH = YES;
				COPY_PHASE_STRIP = NO;
				DEBUG_INFORMATION_FORMAT = "dwarf-with-dsym";
				ENABLE_NS_ASSERTIONS = NO;
				ENABLE_STRICT_OBJC_MSGSEND = YES;
				ENABLE_USER_SCRIPT_SANDBOXING = YES;
				GCC_C_LANGUAGE_STANDARD = gnu17;
				GCC_NO_COMMON_BLOCKS = YES;
				GCC_WARN_64_TO_32_BIT_CONVERSION = YES;
				GCC_WARN_ABOUT_RETURN_TYPE = YES_ERROR;
				GCC_WARN_UNDECLARED_SELECTOR = YES;
				GCC_WARN_UNINITIALIZED_AUTOS = YES_AGGRESSIVE;
				GCC_WARN_UNUSED_FUNCTION = YES;
				GCC_WARN_UNUSED_VARIABLE = YES;
				IPHONEOS_DEPLOYMENT_TARGET = 17.0;
				LOCALIZATION_PREFERS_STRING_CATALOGS = YES;
				MTL_ENABLE_DEBUG_INFO = NO;
				MTL_FAST_MATH = YES;
				SDKROOT = iphoneos;
				SWIFT_COMPILATION_MODE = wholemodule;
				VALIDATE_PRODUCT = YES;
			};
			name = Release;
		};
/* End XCBuildConfiguration section */

/* Begin XCConfigurationList section */
		AA000070 /* Build configuration list for PBXNativeTarget "SocialApp" */ = {
			isa = XCConfigurationList;
			buildConfigurations = (
				AA000071 /* Debug */,
				AA000072 /* Release */,
			);
			defaultConfigurationIsVisible = 0;
			defaultConfigurationName = Release;
		};
		AA000080 /* Build configuration list for PBXProject "SocialApp" */ = {
			isa = XCConfigurationList;
			buildConfigurations = (
				AA000081 /* Debug */,
				AA000082 /* Release */,
			);
			defaultConfigurationIsVisible = 0;
			defaultConfigurationName = Release;
		};
/* End XCConfigurationList section */

/* Begin XCRemoteSwiftPackageReference section */
		DD000001 /* XCRemoteSwiftPackageReference "firebase-ios-sdk" */ = {
			isa = XCRemoteSwiftPackageReference;
			repositoryURL = "https://github.com/firebase/firebase-ios-sdk";
			requirement = {
				kind = upToNextMajorVersion;
				minimumVersion = 11.0.0;
			};
		};
/* End XCRemoteSwiftPackageReference section */

/* Begin XCSwiftPackageProductDependency section */
		DD000010 /* FirebaseCore */ = {
			isa = XCSwiftPackageProductDependency;
			package = DD000001 /* XCRemoteSwiftPackageReference "firebase-ios-sdk" */;
			productName = FirebaseCore;
		};
		DD000011 /* FirebaseFirestore */ = {
			isa = XCSwiftPackageProductDependency;
			package = DD000001 /* XCRemoteSwiftPackageReference "firebase-ios-sdk" */;
			productName = FirebaseFirestore;
		};
/* End XCSwiftPackageProductDependency section */
	};
	rootObject = AA000060 /* Project object */;
}
